
Microsoft Visual Studio Solution File, Format Version 12.00
# Visual Studio Version 17
VisualStudioVersion = 17.13.35806.99 d17.13
MinimumVisualStudioVersion = 10.0.40219.1
Project("{FAE04EC0-301F-11D3-BF4B-00C04F79EFBC}") = "Workers.Desktop", "Workers.Desktop\Workers.Desktop.csproj", "{FD096330-AC27-4F04-89DD-5B35098D59ED}"
EndProject
Project("{FAE04EC0-301F-11D3-BF4B-00C04F79EFBC}") = "Workers.Console", "..\Workers.Console\Workers.Console\Workers.Console.csproj", "{05BE5201-5AF9-81F2-DFC2-F5DCBCD83630}"
EndProject
Global
	GlobalSection(SolutionConfigurationPlatforms) = preSolution
		Debug|Any CPU = Debug|Any CPU
		Release|Any CPU = Release|Any CPU
	EndGlobalSection
	GlobalSection(ProjectConfigurationPlatforms) = postSolution
		{FD096330-AC27-4F04-89DD-5B35098D59ED}.Debug|Any CPU.ActiveCfg = Debug|Any CPU
		{FD096330-AC27-4F04-89DD-5B35098D59ED}.Debug|Any CPU.Build.0 = Debug|Any CPU
		{FD096330-AC27-4F04-89DD-5B35098D59ED}.Release|Any CPU.ActiveCfg = Release|Any CPU
		{FD096330-AC27-4F04-89DD-5B35098D59ED}.Release|Any CPU.Build.0 = Release|Any CPU
		{05BE5201-5AF9-81F2-DFC2-F5DCBCD83630}.Debug|Any CPU.ActiveCfg = Debug|Any CPU
		{05BE5201-5AF9-81F2-DFC2-F5DCBCD83630}.Debug|Any CPU.Build.0 = Debug|Any CPU
		{05BE5201-5AF9-81F2-DFC2-F5DCBCD83630}.Release|Any CPU.ActiveCfg = Release|Any CPU
		{05BE5201-5AF9-81F2-DFC2-F5DCBCD83630}.Release|Any CPU.Build.0 = Release|Any CPU
	EndGlobalSection
	GlobalSection(SolutionProperties) = preSolution
		HideSolutionNode = FALSE
	EndGlobalSection
	GlobalSection(ExtensibilityGlobals) = postSolution
		SolutionGuid = {3C76E090-148F-4814-8D7A-2DFF69FE6906}
	EndGlobalSection
EndGlobal
